// !$*UTF8*$!
{
	archiveVersion = 1;
	classes = {
	};
	objectVersion = 46;
	objects = {

/* Begin PBXBuildFile section */
		60CFF38319B4A91500F75FA4 /* Foundation.framework in Frameworks */ = {isa = PBXBuildFile; fileRef = 60CFF38219B4A91500F75FA4 /* Foundation.framework */; };
		60CFF38519B4A91500F75FA4 /* CoreGraphics.framework in Frameworks */ = {isa = PBXBuildFile; fileRef = 60CFF38419B4A91500F75FA4 /* CoreGraphics.framework */; };
		60CFF38719B4A91600F75FA4 /* UIKit.framework in Frameworks */ = {isa = PBXBuildFile; fileRef = 60CFF38619B4A91600F75FA4 /* UIKit.framework */; };
		60CFF38D19B4A91600F75FA4 /* InfoPlist.strings in Resources */ = {isa = PBXBuildFile; fileRef = 60CFF38B19B4A91600F75FA4 /* InfoPlist.strings */; };
		60CFF38F19B4A91600F75FA4 /* main.m in Sources */ = {isa = PBXBuildFile; fileRef = 60CFF38E19B4A91600F75FA4 /* main.m */; };
		60CFF39319B4A91600F75FA4 /* EVXAppDelegate.m in Sources */ = {isa = PBXBuildFile; fileRef = 60CFF39219B4A91600F75FA4 /* EVXAppDelegate.m */; };
		60CFF39619B4A91600F75FA4 /* Main.storyboard in Resources */ = {isa = PBXBuildFile; fileRef = 60CFF39419B4A91600F75FA4 /* Main.storyboard */; };
		60CFF39919B4A91600F75FA4 /* EVXViewController.m in Sources */ = {isa = PBXBuildFile; fileRef = 60CFF39819B4A91600F75FA4 /* EVXViewController.m */; };
		60CFF39B19B4A91600F75FA4 /* Images.xcassets in Resources */ = {isa = PBXBuildFile; fileRef = 60CFF39A19B4A91600F75FA4 /* Images.xcassets */; };
		60CFF3A219B4A91600F75FA4 /* XCTest.framework in Frameworks */ = {isa = PBXBuildFile; fileRef = 60CFF3A119B4A91600F75FA4 /* XCTest.framework */; };
		60CFF3A319B4A91600F75FA4 /* Foundation.framework in Frameworks */ = {isa = PBXBuildFile; fileRef = 60CFF38219B4A91500F75FA4 /* Foundation.framework */; };
		60CFF3A419B4A91600F75FA4 /* UIKit.framework in Frameworks */ = {isa = PBXBuildFile; fileRef = 60CFF38619B4A91600F75FA4 /* UIKit.framework */; };
		60CFF3AC19B4A91600F75FA4 /* InfoPlist.strings in Resources */ = {isa = PBXBuildFile; fileRef = 60CFF3AA19B4A91600F75FA4 /* InfoPlist.strings */; };
		60CFF3AE19B4A91600F75FA4 /* NerdFeedTests.m in Sources */ = {isa = PBXBuildFile; fileRef = 60CFF3AD19B4A91600F75FA4 /* NerdFeedTests.m */; };
		60CFF3B919B4A97000F75FA4 /* BNRCoursesViewController.m in Sources */ = {isa = PBXBuildFile; fileRef = 60CFF3B819B4A97000F75FA4 /* BNRCoursesViewController.m */; };
/* End PBXBuildFile section */

/* Begin PBXContainerItemProxy section */
		60CFF3A519B4A91600F75FA4 /* PBXContainerItemProxy */ = {
			isa = PBXContainerItemProxy;
			containerPortal = 60CFF37719B4A91500F75FA4 /* Project object */;
			proxyType = 1;
			remoteGlobalIDString = 60CFF37E19B4A91500F75FA4;
			remoteInfo = NerdFeed;
		};
/* End PBXContainerItemProxy section */

/* Begin PBXFileReference section */
		60CFF37F19B4A91500F75FA4 /* NerdFeed.app */ = {isa = PBXFileReference; explicitFileType = wrapper.application; includeInIndex = 0; path = NerdFeed.app; sourceTree = BUILT_PRODUCTS_DIR; };
		60CFF38219B4A91500F75FA4 /* Foundation.framework */ = {isa = PBXFileReference; lastKnownFileType = wrapper.framework; name = Foundation.framework; path = System/Library/Frameworks/Foundation.framework; sourceTree = SDKROOT; };
		60CFF38419B4A91500F75FA4 /* CoreGraphics.framework */ = {isa = PBXFileReference; lastKnownFileType = wrapper.framework; name = CoreGraphics.framework; path = System/Library/Frameworks/CoreGraphics.framework; sourceTree = SDKROOT; };
		60CFF38619B4A91600F75FA4 /* UIKit.framework */ = {isa = PBXFileReference; lastKnownFileType = wrapper.framework; name = UIKit.framework; path = System/Library/Frameworks/UIKit.framework; sourceTree = SDKROOT; };
		60CFF38A19B4A91600F75FA4 /* NerdFeed-Info.plist */ = {isa = PBXFileReference; lastKnownFileType = text.plist.xml; path = "NerdFeed-Info.plist"; sourceTree = "<group>"; };
		60CFF38C19B4A91600F75FA4 /* en */ = {isa = PBXFileReference; lastKnownFileType = text.plist.strings; name = en; path = en.lproj/InfoPlist.strings; sourceTree = "<group>"; };
		60CFF38E19B4A91600F75FA4 /* main.m */ = {isa = PBXFileReference; lastKnownFileType = sourcecode.c.objc; path = main.m; sourceTree = "<group>"; };
		60CFF39019B4A91600F75FA4 /* NerdFeed-Prefix.pch */ = {isa = PBXFileReference; lastKnownFileType = sourcecode.c.h; path = "NerdFeed-Prefix.pch"; sourceTree = "<group>"; };
		60CFF39119B4A91600F75FA4 /* EVXAppDelegate.h */ = {isa = PBXFileReference; lastKnownFileType = sourcecode.c.h; path = EVXAppDelegate.h; sourceTree = "<group>"; };
		60CFF39219B4A91600F75FA4 /* EVXAppDelegate.m */ = {isa = PBXFileReference; lastKnownFileType = sourcecode.c.objc; path = EVXAppDelegate.m; sourceTree = "<group>"; };
		60CFF39519B4A91600F75FA4 /* Base */ = {isa = PBXFileReference; lastKnownFileType = file.storyboard; name = Base; path = Base.lproj/Main.storyboard; sourceTree = "<group>"; };
		60CFF39719B4A91600F75FA4 /* EVXViewController.h */ = {isa = PBXFileReference; lastKnownFileType = sourcecode.c.h; path = EVXViewController.h; sourceTree = "<group>"; };
		60CFF39819B4A91600F75FA4 /* EVXViewController.m */ = {isa = PBXFileReference; lastKnownFileType = sourcecode.c.objc; path = EVXViewController.m; sourceTree = "<group>"; };
		60CFF39A19B4A91600F75FA4 /* Images.xcassets */ = {isa = PBXFileReference; lastKnownFileType = folder.assetcatalog; path = Images.xcassets; sourceTree = "<group>"; };
		60CFF3A019B4A91600F75FA4 /* NerdFeedTests.xctest */ = {isa = PBXFileReference; explicitFileType = wrapper.cfbundle; includeInIndex = 0; path = NerdFeedTests.xctest; sourceTree = BUILT_PRODUCTS_DIR; };
		60CFF3A119B4A91600F75FA4 /* XCTest.framework */ = {isa = PBXFileReference; lastKnownFileType = wrapper.framework; name = XCTest.framework; path = Library/Frameworks/XCTest.framework; sourceTree = DEVELOPER_DIR; };
		60CFF3A919B4A91600F75FA4 /* NerdFeedTests-Info.plist */ = {isa = PBXFileReference; lastKnownFileType = text.plist.xml; path = "NerdFeedTests-Info.plist"; sourceTree = "<group>"; };
		60CFF3AB19B4A91600F75FA4 /* en */ = {isa = PBXFileReference; lastKnownFileType = text.plist.strings; name = en; path = en.lproj/InfoPlist.strings; sourceTree = "<group>"; };
		60CFF3AD19B4A91600F75FA4 /* NerdFeedTests.m */ = {isa = PBXFileReference; lastKnownFileType = sourcecode.c.objc; path = NerdFeedTests.m; sourceTree = "<group>"; };
		60CFF3B719B4A97000F75FA4 /* BNRCoursesViewController.h */ = {isa = PBXFileReference; fileEncoding = 4; lastKnownFileType = sourcecode.c.h; path = BNRCoursesViewController.h; sourceTree = "<group>"; };
		60CFF3B819B4A97000F75FA4 /* BNRCoursesViewController.m */ = {isa = PBXFileReference; fileEncoding = 4; lastKnownFileType = sourcecode.c.objc; path = BNRCoursesViewController.m; sourceTree = "<group>"; };
/* End PBXFileReference section */

/* Begin PBXFrameworksBuildPhase section */
		60CFF37C19B4A91500F75FA4 /* Frameworks */ = {
			isa = PBXFrameworksBuildPhase;
			buildActionMask = 2147483647;
			files = (
				60CFF38519B4A91500F75FA4 /* CoreGraphics.framework in Frameworks */,
				60CFF38719B4A91600F75FA4 /* UIKit.framework in Frameworks */,
				60CFF38319B4A91500F75FA4 /* Foundation.framework in Frameworks */,
			);
			runOnlyForDeploymentPostprocessing = 0;
		};
		60CFF39D19B4A91600F75FA4 /* Frameworks */ = {
			isa = PBXFrameworksBuildPhase;
			buildActionMask = 2147483647;
			files = (
				60CFF3A219B4A91600F75FA4 /* XCTest.framework in Frameworks */,
				60CFF3A419B4A91600F75FA4 /* UIKit.framework in Frameworks */,
				60CFF3A319B4A91600F75FA4 /* Foundation.framework in Frameworks */,
			);
			runOnlyForDeploymentPostprocessing = 0;
		};
/* End PBXFrameworksBuildPhase section */

/* Begin PBXGroup section */
		60CFF37619B4A91500F75FA4 = {
			isa = PBXGroup;
			children = (
				60CFF38819B4A91600F75FA4 /* NerdFeed */,
				60CFF3A719B4A91600F75FA4 /* NerdFeedTests */,
				60CFF38119B4A91500F75FA4 /* Frameworks */,
				60CFF38019B4A91500F75FA4 /* Products */,
			);
			sourceTree = "<group>";
		};
		60CFF38019B4A91500F75FA4 /* Products */ = {
			isa = PBXGroup;
			children = (
				60CFF37F19B4A91500F75FA4 /* NerdFeed.app */,
				60CFF3A019B4A91600F75FA4 /* NerdFeedTests.xctest */,
			);
			name = Products;
			sourceTree = "<group>";
		};
		60CFF38119B4A91500F75FA4 /* Frameworks */ = {
			isa = PBXGroup;
			children = (
				60CFF38219B4A91500F75FA4 /* Foundation.framework */,
				60CFF38419B4A91500F75FA4 /* CoreGraphics.framework */,
				60CFF38619B4A91600F75FA4 /* UIKit.framework */,
				60CFF3A119B4A91600F75FA4 /* XCTest.framework */,
			);
			name = Frameworks;
			sourceTree = "<group>";
		};
		60CFF38819B4A91600F75FA4 /* NerdFeed */ = {
			isa = PBXGroup;
			children = (
				60CFF39119B4A91600F75FA4 /* EVXAppDelegate.h */,
				60CFF39219B4A91600F75FA4 /* EVXAppDelegate.m */,
				60CFF39419B4A91600F75FA4 /* Main.storyboard */,
				60CFF39719B4A91600F75FA4 /* EVXViewController.h */,
				60CFF39819B4A91600F75FA4 /* EVXViewController.m */,
				60CFF3B719B4A97000F75FA4 /* BNRCoursesViewController.h */,
				60CFF3B819B4A97000F75FA4 /* BNRCoursesViewController.m */,
				60CFF39A19B4A91600F75FA4 /* Images.xcassets */,
				60CFF38919B4A91600F75FA4 /* Supporting Files */,
			);
			path = NerdFeed;
			sourceTree = "<group>";
		};
		60CFF38919B4A91600F75FA4 /* Supporting Files */ = {
			isa = PBXGroup;
			children = (
				60CFF38A19B4A91600F75FA4 /* NerdFeed-Info.plist */,
				60CFF38B19B4A91600F75FA4 /* InfoPlist.strings */,
				60CFF38E19B4A91600F75FA4 /* main.m */,
				60CFF39019B4A91600F75FA4 /* NerdFeed-Prefix.pch */,
			);
			name = "Supporting Files";
			sourceTree = "<group>";
		};
		60CFF3A719B4A91600F75FA4 /* NerdFeedTests */ = {
			isa = PBXGroup;
			children = (
				60CFF3AD19B4A91600F75FA4 /* NerdFeedTests.m */,
				60CFF3A819B4A91600F75FA4 /* Supporting Files */,
			);
			path = NerdFeedTests;
			sourceTree = "<group>";
		};
		60CFF3A819B4A91600F75FA4 /* Supporting Files */ = {
			isa = PBXGroup;
			children = (
				60CFF3A919B4A91600F75FA4 /* NerdFeedTests-Info.plist */,
				60CFF3AA19B4A91600F75FA4 /* InfoPlist.strings */,
			);
			name = "Supporting Files";
			sourceTree = "<group>";
		};
/* End PBXGroup section */

/* Begin PBXNativeTarget section */
		60CFF37E19B4A91500F75FA4 /* NerdFeed */ = {
			isa = PBXNativeTarget;
			buildConfigurationList = 60CFF3B119B4A91600F75FA4 /* Build configuration list for PBXNativeTarget "NerdFeed" */;
			buildPhases = (
				60CFF37B19B4A91500F75FA4 /* Sources */,
				60CFF37C19B4A91500F75FA4 /* Frameworks */,
				60CFF37D19B4A91500F75FA4 /* Resources */,
			);
			buildRules = (
			);
			dependencies = (
			);
			name = NerdFeed;
			productName = NerdFeed;
			productReference = 60CFF37F19B4A91500F75FA4 /* NerdFeed.app */;
			productType = "com.apple.product-type.application";
		};
		60CFF39F19B4A91600F75FA4 /* NerdFeedTests */ = {
			isa = PBXNativeTarget;
			buildConfigurationList = 60CFF3B419B4A91600F75FA4 /* Build configuration list for PBXNativeTarget "NerdFeedTests" */;
			buildPhases = (
				60CFF39C19B4A91600F75FA4 /* Sources */,
				60CFF39D19B4A91600F75FA4 /* Frameworks */,
				60CFF39E19B4A91600F75FA4 /* Resources */,
			);
			buildRules = (
			);
			dependencies = (
				60CFF3A619B4A91600F75FA4 /* PBXTargetDependency */,
			);
			name = NerdFeedTests;
			productName = NerdFeedTests;
			productReference = 60CFF3A019B4A91600F75FA4 /* NerdFeedTests.xctest */;
			productType = "com.apple.product-type.bundle.unit-test";
		};
/* End PBXNativeTarget section */

/* Begin PBXProject section */
		60CFF37719B4A91500F75FA4 /* Project object */ = {
			isa = PBXProject;
			attributes = {
				CLASSPREFIX = EVX;
				LastUpgradeCheck = 0510;
				ORGANIZATIONNAME = evxyz001;
				TargetAttributes = {
					60CFF39F19B4A91600F75FA4 = {
						TestTargetID = 60CFF37E19B4A91500F75FA4;
					};
				};
			};
			buildConfigurationList = 60CFF37A19B4A91500F75FA4 /* Build configuration list for PBXProject "NerdFeed" */;
			compatibilityVersion = "Xcode 3.2";
			developmentRegion = English;
			hasScannedForEncodings = 0;
			knownRegions = (
				en,
				Base,
			);
			mainGroup = 60CFF37619B4A91500F75FA4;
			productRefGroup = 60CFF38019B4A91500F75FA4 /* Products */;
			projectDirPath = "";
			projectRoot = "";
			targets = (
				60CFF37E19B4A91500F75FA4 /* NerdFeed */,
				60CFF39F19B4A91600F75FA4 /* NerdFeedTests */,
			);
		};
/* End PBXProject section */

/* Begin PBXResourcesBuildPhase section */
		60CFF37D19B4A91500F75FA4 /* Resources */ = {
			isa = PBXResourcesBuildPhase;
			buildActionMask = 2147483647;
			files = (
				60CFF39B19B4A91600F75FA4 /* Images.xcassets in Resources */,
				60CFF38D19B4A91600F75FA4 /* InfoPlist.strings in Resources */,
				60CFF39619B4A91600F75FA4 /* Main.storyboard in Resources */,
			);
			runOnlyForDeploymentPostprocessing = 0;
		};
		60CFF39E19B4A91600F75FA4 /* Resources */ = {
			isa = PBXResourcesBuildPhase;
			buildActionMask = 2147483647;
			files = (
				60CFF3AC19B4A91600F75FA4 /* InfoPlist.strings in Resources */,
			);
			runOnlyForDeploymentPostprocessing = 0;
		};
/* End PBXResourcesBuildPhase section */

/* Begin PBXSourcesBuildPhase section */
		60CFF37B19B4A91500F75FA4 /* Sources */ = {
			isa = PBXSourcesBuildPhase;
			buildActionMask = 2147483647;
			files = (
				60CFF39319B4A91600F75FA4 /* EVXAppDelegate.m in Sources */,
				60CFF39919B4A91600F75FA4 /* EVXViewController.m in Sources */,
				60CFF3B919B4A97000F75FA4 /* BNRCoursesViewController.m in Sources */,
				60CFF38F19B4A91600F75FA4 /* main.m in Sources */,
			);
			runOnlyForDeploymentPostprocessing = 0;
		};
		60CFF39C19B4A91600F75FA4 /* Sources */ = {
			isa = PBXSourcesBuildPhase;
			buildActionMask = 2147483647;
			files = (
				60CFF3AE19B4A91600F75FA4 /* NerdFeedTests.m in Sources */,
			);
			runOnlyForDeploymentPostprocessing = 0;
		};
/* End PBXSourcesBuildPhase section */

/* Begin PBXTargetDependency section */
		60CFF3A619B4A91600F75FA4 /* PBXTargetDependency */ = {
			isa = PBXTargetDependency;
			target = 60CFF37E19B4A91500F75FA4 /* NerdFeed */;
			targetProxy = 60CFF3A519B4A91600F75FA4 /* PBXContainerItemProxy */;
		};
/* End PBXTargetDependency section */

/* Begin PBXVariantGroup section */
		60CFF38B19B4A91600F75FA4 /* InfoPlist.strings */ = {
			isa = PBXVariantGroup;
			children = (
				60CFF38C19B4A91600F75FA4 /* en */,
			);
			name = InfoPlist.strings;
			sourceTree = "<group>";
		};
		60CFF39419B4A91600F75FA4 /* Main.storyboard */ = {
			isa = PBXVariantGroup;
			children = (
				60CFF39519B4A91600F75FA4 /* Base */,
			);
			name = Main.storyboard;
			sourceTree = "<group>";
		};
		60CFF3AA19B4A91600F75FA4 /* InfoPlist.strings */ = {
			isa = PBXVariantGroup;
			children = (
				60CFF3AB19B4A91600F75FA4 /* en */,
			);
			name = InfoPlist.strings;
			sourceTree = "<group>";
		};
/* End PBXVariantGroup section */

/* Begin XCBuildConfiguration section */
		60CFF3AF19B4A91600F75FA4 /* Debug */ = {
			isa = XCBuildConfiguration;
			buildSettings = {
				ALWAYS_SEARCH_USER_PATHS = NO;
				CLANG_CXX_LANGUAGE_STANDARD = "gnu++0x";
				CLANG_CXX_LIBRARY = "libc++";
				CLANG_ENABLE_MODULES = YES;
				CLANG_ENABLE_OBJC_ARC = YES;
				CLANG_WARN_BOOL_CONVERSION = YES;
				CLANG_WARN_CONSTANT_CONVERSION = YES;
				CLANG_WARN_DIRECT_OBJC_ISA_USAGE = YES_ERROR;
				CLANG_WARN_EMPTY_BODY = YES;
				CLANG_WARN_ENUM_CONVERSION = YES;
				CLANG_WARN_INT_CONVERSION = YES;
				CLANG_WARN_OBJC_ROOT_CLASS = YES_ERROR;
				CLANG_WARN__DUPLICATE_METHOD_MATCH = YES;
				"CODE_SIGN_IDENTITY[sdk=iphoneos*]" = "iPhone Developer";
				COPY_PHASE_STRIP = NO;
				GCC_C_LANGUAGE_STANDARD = gnu99;
				GCC_DYNAMIC_NO_PIC = NO;
				GCC_OPTIMIZATION_LEVEL = 0;
				GCC_PREPROCESSOR_DEFINITIONS = (
					"DEBUG=1",
					"$(inherited)",
				);
				GCC_SYMBOLS_PRIVATE_EXTERN = NO;
				GCC_WARN_64_TO_32_BIT_CONVERSION = YES;
				GCC_WARN_ABOUT_RETURN_TYPE = YES_ERROR;
				GCC_WARN_UNDECLARED_SELECTOR = YES;
				GCC_WARN_UNINITIALIZED_AUTOS = YES_AGGRESSIVE;
				GCC_WARN_UNUSED_FUNCTION = YES;
				GCC_WARN_UNUSED_VARIABLE = YES;
				IPHONEOS_DEPLOYMENT_TARGET = 7.1;
				ONLY_ACTIVE_ARCH = YES;
				SDKROOT = iphoneos;
				TARGETED_DEVICE_FAMILY = 2;
			};
			name = Debug;
		};
		60CFF3B019B4A91600F75FA4 /* Release */ = {
			isa = XCBuildConfiguration;
			buildSettings = {
				ALWAYS_SEARCH_USER_PATHS = NO;
				CLANG_CXX_LANGUAGE_STANDARD = "gnu++0x";
				CLANG_CXX_LIBRARY = "libc++";
				CLANG_ENABLE_MODULES = YES;
				CLANG_ENABLE_OBJC_ARC = YES;
				CLANG_WARN_BOOL_CONVERSION = YES;
				CLANG_WARN_CONSTANT_CONVERSION = YES;
				CLANG_WARN_DIRECT_OBJC_ISA_USAGE = YES_ERROR;
				CLANG_WARN_EMPTY_BODY = YES;
				CLANG_WARN_ENUM_CONVERSION = YES;
				CLANG_WARN_INT_CONVERSION = YES;
				CLANG_WARN_OBJC_ROOT_CLASS = YES_ERROR;
				CLANG_WARN__DUPLICATE_METHOD_MATCH = YES;
				"CODE_SIGN_IDENTITY[sdk=iphoneos*]" = "iPhone Developer";
				COPY_PHASE_STRIP = YES;
				ENABLE_NS_ASSERTIONS = NO;
				GCC_C_LANGUAGE_STANDARD = gnu99;
				GCC_WARN_64_TO_32_BIT_CONVERSION = YES;
				GCC_WARN_ABOUT_RETURN_TYPE = YES_ERROR;
				GCC_WARN_UNDECLARED_SELECTOR = YES;
				GCC_WARN_UNINITIALIZED_AUTOS = YES_AGGRESSIVE;
				GCC_WARN_UNUSED_FUNCTION = YES;
				GCC_WARN_UNUSED_VARIABLE = YES;
				IPHONEOS_DEPLOYMENT_TARGET = 7.1;
				SDKROOT = iphoneos;
				TARGETED_DEVICE_FAMILY = 2;
				VALIDATE_PRODUCT = YES;
			};
			name = Release;
		};
		60CFF3B219B4A91600F75FA4 /* Debug */ = {
			isa = XCBuildConfiguration;
			buildSettings = {
				ASSETCATALOG_COMPILER_APPICON_NAME = AppIcon;
				ASSETCATALOG_COMPILER_LAUNCHIMAGE_NAME = LaunchImage;
				GCC_PRECOMPILE_PREFIX_HEADER = YES;
				GCC_PREFIX_HEADER = "NerdFeed/NerdFeed-Prefix.pch";
				INFOPLIST_FILE = "NerdFeed/NerdFeed-Info.plist";
				PRODUCT_NAME = "$(TARGET_NAME)";
				WRAPPER_EXTENSION = app;
			};
			name = Debug;
		};
		60CFF3B319B4A91600F75FA4 /* Release */ = {
			isa = XCBuildConfiguration;
			buildSettings = {
				ASSETCATALOG_COMPILER_APPICON_NAME = AppIcon;
				ASSETCATALOG_COMPILER_LAUNCHIMAGE_NAME = LaunchImage;
				GCC_PRECOMPILE_PREFIX_HEADER = YES;
				GCC_PREFIX_HEADER = "NerdFeed/NerdFeed-Prefix.pch";
				INFOPLIST_FILE = "NerdFeed/NerdFeed-Info.plist";
				PRODUCT_NAME = "$(TARGET_NAME)";
				WRAPPER_EXTENSION = app;
			};
			name = Release;
		};
		60CFF3B519B4A91600F75FA4 /* Debug */ = {
			isa = XCBuildConfiguration;
			buildSettings = {
				BUNDLE_LOADER = "$(BUILT_PRODUCTS_DIR)/NerdFeed.app/NerdFeed";
				FRAMEWORK_SEARCH_PATHS = (
					"$(SDKROOT)/Developer/Library/Frameworks",
					"$(inherited)",
					"$(DEVELOPER_FRAMEWORKS_DIR)",
				);
				GCC_PRECOMPILE_PREFIX_HEADER = YES;
				GCC_PREFIX_HEADER = "NerdFeed/NerdFeed-Prefix.pch";
				GCC_PREPROCESSOR_DEFINITIONS = (
					"DEBUG=1",
					"$(inherited)",
				);
				INFOPLIST_FILE = "NerdFeedTests/NerdFeedTests-Info.plist";
				PRODUCT_NAME = "$(TARGET_NAME)";
				TEST_HOST = "$(BUNDLE_LOADER)";
				WRAPPER_EXTENSION = xctest;
			};
			name = Debug;
		};
		60CFF3B619B4A91600F75FA4 /* Release */ = {
			isa = XCBuildConfiguration;
			buildSettings = {
				BUNDLE_LOADER = "$(BUILT_PRODUCTS_DIR)/NerdFeed.app/NerdFeed";
				FRAMEWORK_SEARCH_PATHS = (
					"$(SDKROOT)/Developer/Library/Frameworks",
					"$(inherited)",
					"$(DEVELOPER_FRAMEWORKS_DIR)",
				);
				GCC_PRECOMPILE_PREFIX_HEADER = YES;
				GCC_PREFIX_HEADER = "NerdFeed/NerdFeed-Prefix.pch";
				INFOPLIST_FILE = "NerdFeedTests/NerdFeedTests-Info.plist";
				PRODUCT_NAME = "$(TARGET_NAME)";
				TEST_HOST = "$(BUNDLE_LOADER)";
				WRAPPER_EXTENSION = xctest;
			};
			name = Release;
		};
/* End XCBuildConfiguration section */

/* Begin XCConfigurationList section */
		60CFF37A19B4A91500F75FA4 /* Build configuration list for PBXProject "NerdFeed" */ = {
			isa = XCConfigurationList;
			buildConfigurations = (
				60CFF3AF19B4A91600F75FA4 /* Debug */,
				60CFF3B019B4A91600F75FA4 /* Release */,
			);
			defaultConfigurationIsVisible = 0;
			defaultConfigurationName = Release;
		};
		60CFF3B119B4A91600F75FA4 /* Build configuration list for PBXNativeTarget "NerdFeed" */ = {
			isa = XCConfigurationList;
			buildConfigurations = (
				60CFF3B219B4A91600F75FA4 /* Debug */,
				60CFF3B319B4A91600F75FA4 /* Release */,
			);
			defaultConfigurationIsVisible = 0;
		};
		60CFF3B419B4A91600F75FA4 /* Build configuration list for PBXNativeTarget "NerdFeedTests" */ = {
			isa = XCConfigurationList;
			buildConfigurations = (
				60CFF3B519B4A91600F75FA4 /* Debug */,
				60CFF3B619B4A91600F75FA4 /* Release */,
			);
			defaultConfigurationIsVisible = 0;
		};
/* End XCConfigurationList section */
	};
	rootObject = 60CFF37719B4A91500F75FA4 /* Project object */;
}
